
Microsoft Visual Studio Solution File, Format Version 12.00
# Visual Studio 2017
Project("{FAE04EC0-301F-11D3-BF4B-00C04F79EFBC}") = "qiguaidedamaoxian", "qiguaidedamaoxian.csproj", "{79E987E1-0FCC-F18E-D548-3385AFF94619}"
EndProject
Project("{FAE04EC0-301F-11D3-BF4B-00C04F79EFBC}") = "qiguaidedamaoxian.Editor", "qiguaidedamaoxian.Editor.csproj", "{C14BC62E-2C83-01ED-343B-1DAE6D44B61B}"
EndProject
Global
	GlobalSection(SolutionConfigurationPlatforms) = preSolution
		Debug|Any CPU = Debug|Any CPU
		Release|Any CPU = Release|Any CPU
	EndGlobalSection
	GlobalSection(ProjectConfigurationPlatforms) = postSolution
		{79E987E1-0FCC-F18E-D548-3385AFF94619}.Debug|Any CPU.ActiveCfg = Debug|Any CPU
		{79E987E1-0FCC-F18E-D548-3385AFF94619}.Debug|Any CPU.Build.0 = Debug|Any CPU
		{79E987E1-0FCC-F18E-D548-3385AFF94619}.Release|Any CPU.ActiveCfg = Release|Any CPU
		{79E987E1-0FCC-F18E-D548-3385AFF94619}.Release|Any CPU.Build.0 = Release|Any CPU
		{C14BC62E-2C83-01ED-343B-1DAE6D44B61B}.Debug|Any CPU.ActiveCfg = Debug|Any CPU
		{C14BC62E-2C83-01ED-343B-1DAE6D44B61B}.Debug|Any CPU.Build.0 = Debug|Any CPU
		{C14BC62E-2C83-01ED-343B-1DAE6D44B61B}.Release|Any CPU.ActiveCfg = Release|Any CPU
		{C14BC62E-2C83-01ED-343B-1DAE6D44B61B}.Release|Any CPU.Build.0 = Release|Any CPU
	EndGlobalSection
	GlobalSection(SolutionProperties) = preSolution
		HideSolutionNode = FALSE
	EndGlobalSection
EndGlobal
