
Microsoft Visual Studio Solution File, Format Version 12.00
# Visual Studio 2013
Project("{FAE04EC0-301F-11D3-BF4B-00C04F79EFBC}") = "qiguaidedamaoxian.CSharp", "qiguaidedamaoxian.CSharp.csproj", "{3876B54D-CDA1-2D36-2265-A2419EF2E519}"
EndProject
Project("{FAE04EC0-301F-11D3-BF4B-00C04F79EFBC}") = "qiguaidedamaoxian.CSharp.Editor", "qiguaidedamaoxian.CSharp.Editor.csproj", "{F4CB11EB-5FFE-C78B-E1A0-001315283B2C}"
EndProject
Global
	GlobalSection(SolutionConfigurationPlatforms) = preSolution
		Debug|Any CPU = Debug|Any CPU
		Release|Any CPU = Release|Any CPU
	EndGlobalSection
	GlobalSection(ProjectConfigurationPlatforms) = postSolution
		{3876B54D-CDA1-2D36-2265-A2419EF2E519}.Debug|Any CPU.ActiveCfg = Debug|Any CPU
		{3876B54D-CDA1-2D36-2265-A2419EF2E519}.Debug|Any CPU.Build.0 = Debug|Any CPU
		{3876B54D-CDA1-2D36-2265-A2419EF2E519}.Release|Any CPU.ActiveCfg = Release|Any CPU
		{3876B54D-CDA1-2D36-2265-A2419EF2E519}.Release|Any CPU.Build.0 = Release|Any CPU
		{F4CB11EB-5FFE-C78B-E1A0-001315283B2C}.Debug|Any CPU.ActiveCfg = Debug|Any CPU
		{F4CB11EB-5FFE-C78B-E1A0-001315283B2C}.Debug|Any CPU.Build.0 = Debug|Any CPU
		{F4CB11EB-5FFE-C78B-E1A0-001315283B2C}.Release|Any CPU.ActiveCfg = Release|Any CPU
		{F4CB11EB-5FFE-C78B-E1A0-001315283B2C}.Release|Any CPU.Build.0 = Release|Any CPU
	EndGlobalSection
	GlobalSection(SolutionProperties) = preSolution
		HideSolutionNode = FALSE
	EndGlobalSection
EndGlobal
